schema: '2.0'
stages:
  train:
    cmd: python run.py
    deps:
    - path: dataset/
      md5: f186237a8dd540efd40571d4f6a70540.dir
      size: 554690880
      nfiles: 9737
    params:
      params.yaml:
        dataset:
          train_filepath: dataset/training.tfrecords
          test_filepath: dataset/test.tfrecords
          train_size: 1.0
        model:
          model_dir: price-aocr
          exported_model: price-aocr-export-model
          steps-per-checkpoint: 2000
        train:
          epochs: 2
          batch_size: 10
          learning_rate: 1.0
          save_name: printed-price-ocr-base
    outs:
    - path: aocr.log
      md5: 2e5bd4152065e072bea11b2cf5495589
      size: 43274
