schema: '2.0'
stages:
  train:
    cmd: docker run --gpus all -v $PWD/:/usr/src/ -p 8888:8888 aocr_exp python run.py
    deps:
    - path: attention-ocr
      md5: f471dfecc767f8089c36a4fe1aea8786.dir
      size: 102785
      nfiles: 23
    - path: dataset/
      md5: 09fe3f4caf41e9ac340021471356dc64.dir
      size: 555041268
      nfiles: 9737
    params:
      params.yaml:
        train:
          epochs: 3
          batch_size: 10
          learning_rate: 1e-07
          save_name: printed-price-ocr-base
    outs:
    - path: aocr.log
      md5: b5c8342d795e5e5b04857aeb4ea18a49
      size: 14080
    - path: price-aocr
      md5: 4f9fd4a14c55d3265c5f2e7ecd58012b.dir
      size: 108406715
      nfiles: 5
